
Microsoft Visual Studio Solution File, Format Version 12.00
# Visual Studio Version 17
VisualStudioVersion = 17.9.34728.123
MinimumVisualStudioVersion = 10.0.40219.1
Project("{FAE04EC0-301F-11D3-BF4B-00C04F79EFBC}") = "Graphics", "Graphics\Graphics.csproj", "{8CC60276-EB82-4480-979E-49444DBBB6E2}"
EndProject
Global
	GlobalSection(SolutionConfigurationPlatforms) = preSolution
		Debug|Any CPU = Debug|Any CPU
		Release|Any CPU = Release|Any CPU
	EndGlobalSection
	GlobalSection(ProjectConfigurationPlatforms) = postSolution
		{8CC60276-EB82-4480-979E-49444DBBB6E2}.Debug|Any CPU.ActiveCfg = Debug|Any CPU
		{8CC60276-EB82-4480-979E-49444DBBB6E2}.Debug|Any CPU.Build.0 = Debug|Any CPU
		{8CC60276-EB82-4480-979E-49444DBBB6E2}.Release|Any CPU.ActiveCfg = Release|Any CPU
		{8CC60276-EB82-4480-979E-49444DBBB6E2}.Release|Any CPU.Build.0 = Release|Any CPU
	EndGlobalSection
	GlobalSection(SolutionProperties) = preSolution
		HideSolutionNode = FALSE
	EndGlobalSection
	GlobalSection(ExtensibilityGlobals) = postSolution
		SolutionGuid = {4026B49C-CB4B-4BC7-B848-2352733940B9}
	EndGlobalSection
EndGlobal
